
Microsoft Visual Studio Solution File, Format Version 12.00
# Visual Studio Version 17
VisualStudioVersion = 17.10.34916.146
MinimumVisualStudioVersion = 10.0.40219.1
Project("{FAE04EC0-301F-11D3-BF4B-00C04F79EFBC}") = "Giris", "Giris\Giris.csproj", "{0461D54A-0659-4CA1-89EF-852CAB0C40CE}"
EndProject
Global
	GlobalSection(SolutionConfigurationPlatforms) = preSolution
		Debug|Any CPU = Debug|Any CPU
		Release|Any CPU = Release|Any CPU
	EndGlobalSection
	GlobalSection(ProjectConfigurationPlatforms) = postSolution
		{0461D54A-0659-4CA1-89EF-852CAB0C40CE}.Debug|Any CPU.ActiveCfg = Debug|Any CPU
		{0461D54A-0659-4CA1-89EF-852CAB0C40CE}.Debug|Any CPU.Build.0 = Debug|Any CPU
		{0461D54A-0659-4CA1-89EF-852CAB0C40CE}.Release|Any CPU.ActiveCfg = Release|Any CPU
		{0461D54A-0659-4CA1-89EF-852CAB0C40CE}.Release|Any CPU.Build.0 = Release|Any CPU
	EndGlobalSection
	GlobalSection(SolutionProperties) = preSolution
		HideSolutionNode = FALSE
	EndGlobalSection
	GlobalSection(ExtensibilityGlobals) = postSolution
		SolutionGuid = {583E8BB9-643C-4888-B020-95F5B3B0870E}
	EndGlobalSection
EndGlobal
