
Microsoft Visual Studio Solution File, Format Version 12.00
# Visual Studio Version 17
VisualStudioVersion = 17.10.34928.147
MinimumVisualStudioVersion = 10.0.40219.1
Project("{FAE04EC0-301F-11D3-BF4B-00C04F79EFBC}") = "Toplama", "Toplama\Toplama.csproj", "{32767779-2DBB-4DC5-B0D3-25C8CC200D12}"
EndProject
Global
	GlobalSection(SolutionConfigurationPlatforms) = preSolution
		Debug|Any CPU = Debug|Any CPU
		Release|Any CPU = Release|Any CPU
	EndGlobalSection
	GlobalSection(ProjectConfigurationPlatforms) = postSolution
		{32767779-2DBB-4DC5-B0D3-25C8CC200D12}.Debug|Any CPU.ActiveCfg = Debug|Any CPU
		{32767779-2DBB-4DC5-B0D3-25C8CC200D12}.Debug|Any CPU.Build.0 = Debug|Any CPU
		{32767779-2DBB-4DC5-B0D3-25C8CC200D12}.Release|Any CPU.ActiveCfg = Release|Any CPU
		{32767779-2DBB-4DC5-B0D3-25C8CC200D12}.Release|Any CPU.Build.0 = Release|Any CPU
	EndGlobalSection
	GlobalSection(SolutionProperties) = preSolution
		HideSolutionNode = FALSE
	EndGlobalSection
	GlobalSection(ExtensibilityGlobals) = postSolution
		SolutionGuid = {2144F866-1A39-46C3-AF90-ABC0D1CDC1A9}
	EndGlobalSection
EndGlobal
